
Microsoft Visual Studio Solution File, Format Version 12.00
# Visual Studio 15
VisualStudioVersion = 15.0.28307.852
MinimumVisualStudioVersion = 10.0.40219.1
Project("{FAE04EC0-301F-11D3-BF4B-00C04F79EFBC}") = "OnlineBanking", "OnlineBanking\OnlineBanking.csproj", "{31A31ACB-E92C-4E2C-AF37-75B84F2AAC02}"
EndProject
Global
	GlobalSection(SolutionConfigurationPlatforms) = preSolution
		Debug|Any CPU = Debug|Any CPU
		Release|Any CPU = Release|Any CPU
	EndGlobalSection
	GlobalSection(ProjectConfigurationPlatforms) = postSolution
		{31A31ACB-E92C-4E2C-AF37-75B84F2AAC02}.Debug|Any CPU.ActiveCfg = Debug|Any CPU
		{31A31ACB-E92C-4E2C-AF37-75B84F2AAC02}.Debug|Any CPU.Build.0 = Debug|Any CPU
		{31A31ACB-E92C-4E2C-AF37-75B84F2AAC02}.Release|Any CPU.ActiveCfg = Release|Any CPU
		{31A31ACB-E92C-4E2C-AF37-75B84F2AAC02}.Release|Any CPU.Build.0 = Release|Any CPU
	EndGlobalSection
	GlobalSection(SolutionProperties) = preSolution
		HideSolutionNode = FALSE
	EndGlobalSection
	GlobalSection(ExtensibilityGlobals) = postSolution
		SolutionGuid = {60D73476-7D25-429A-A644-2B1AC051F7E3}
	EndGlobalSection
EndGlobal
